<?xml version="1.0" encoding="utf-8"?>
<Project ToolsVersion="4.0" xmlns="http://schemas.microsoft.com/developer/msbuild/2003">
  <ItemGroup>
    <Filter Include="Source Files">
      <UniqueIdentifier>{4FC737F1-C7A5-4376-A066-2A32D752A2FF}</UniqueIdentifier>
      <Extensions>cpp;c;cc;cxx;c++;cppm;ixx;def;odl;idl;hpj;bat;asm;asmx</Extensions>
    </Filter>
    <Filter Include="Header Files">
      <UniqueIdentifier>{93995380-89BD-4b04-88EB-625FBE52EBFB}</UniqueIdentifier>
      <Extensions>h;hh;hpp;hxx;h++;hm;inl;inc;ipp;xsd</Extensions>
    </Filter>
    <Filter Include="Resource Files">
      <UniqueIdentifier>{67DA6AB6-F800-4c08-8B7A-83BB121AAD01}</UniqueIdentifier>
      <Extensions>rc;ico;cur;bmp;dlg;rc2;rct;bin;rgs;gif;jpg;jpeg;jpe;resx;tiff;tif;png;wav;mfcribbon-ms</Extensions>
    </Filter>
    <Filter Include="Header Files\Animation">
      <UniqueIdentifier>{09ef0a46-9e9c-4480-9593-48b2b9acf390}</UniqueIdentifier>
    </Filter>
    <Filter Include="Header Files\Game">
      <UniqueIdentifier>{02fa97da-4e03-4d6e-b32a-d746e8fb3286}</UniqueIdentifier>
    </Filter>
    <Filter Include="Header Files\Other">
      <UniqueIdentifier>{db9354c7-0e74-4149-a485-dd3b33cfa372}</UniqueIdentifier>
    </Filter>
    <Filter Include="Header Files\Scene">
      <UniqueIdentifier>{dab1f48e-a5a3-4664-9b7f-4a9d134d5e7e}</UniqueIdentifier>
    </Filter>
    <Filter Include="Header Files\Object">
      <UniqueIdentifier>{26755cdb-99da-409a-8f23-4573e9a8649a}</UniqueIdentifier>
    </Filter>
    <Filter Include="Header Files\Object\Enemies">
      <UniqueIdentifier>{c3c7a528-2d16-4fc6-a5a6-467f4a5a0295}</UniqueIdentifier>
    </Filter>
    <Filter Include="Header Files\Object\Brick">
      <UniqueIdentifier>{eb4fc142-5f58-4b5f-ab39-bc41db6a02be}</UniqueIdentifier>
    </Filter>
    <Filter Include="Header Files\Object\Mario">
      <UniqueIdentifier>{c904b86c-9952-42b5-bd3f-dd3d107c97ae}</UniqueIdentifier>
    </Filter>
    <Filter Include="Header Files\Object\Portal">
      <UniqueIdentifier>{beaa44ac-9552-4c7c-bb78-0e4c5b75e487}</UniqueIdentifier>
    </Filter>
  </ItemGroup>
  <ItemGroup>
    <None Include="packages.config" />
  </ItemGroup>
  <ItemGroup>
    <ClCompile Include="main.cpp">
      <Filter>Source Files</Filter>
    </ClCompile>
    <ClCompile Include="Animation.cpp">
      <Filter>Header Files\Animation</Filter>
    </ClCompile>
    <ClCompile Include="Animations.cpp">
      <Filter>Header Files\Animation</Filter>
    </ClCompile>
    <ClCompile Include="Sprite.cpp">
      <Filter>Header Files\Animation</Filter>
    </ClCompile>
    <ClCompile Include="Sprites.cpp">
      <Filter>Header Files\Animation</Filter>
    </ClCompile>
    <ClCompile Include="Textures.cpp">
      <Filter>Header Files\Animation</Filter>
    </ClCompile>
    <ClCompile Include="Game.cpp">
      <Filter>Header Files\Game</Filter>
    </ClCompile>
    <ClCompile Include="Collision.cpp">
      <Filter>Header Files\Other</Filter>
    </ClCompile>
    <ClCompile Include="debug.cpp">
      <Filter>Header Files\Other</Filter>
    </ClCompile>
    <ClCompile Include="Utils.cpp">
      <Filter>Header Files\Other</Filter>
    </ClCompile>
    <ClCompile Include="PlayScene.cpp">
      <Filter>Header Files\Scene</Filter>
    </ClCompile>
    <ClCompile Include="SampleKeyEventHandler.cpp">
      <Filter>Header Files\Scene</Filter>
    </ClCompile>
    <ClCompile Include="Goomba.cpp">
      <Filter>Header Files\Object\Enemies</Filter>
    </ClCompile>
    <ClCompile Include="Brick.cpp">
      <Filter>Header Files\Object\Brick</Filter>
    </ClCompile>
    <ClCompile Include="Coin.cpp">
      <Filter>Header Files\Object\Brick</Filter>
    </ClCompile>
    <ClCompile Include="GameObject.cpp">
      <Filter>Header Files\Object</Filter>
    </ClCompile>
    <ClCompile Include="Mario.cpp">
      <Filter>Header Files\Object\Mario</Filter>
    </ClCompile>
    <ClCompile Include="Platform.cpp">
      <Filter>Header Files\Object\Brick</Filter>
    </ClCompile>
    <ClCompile Include="Portal.cpp">
      <Filter>Header Files\Object\Portal</Filter>
    </ClCompile>
    <ClCompile Include="BrickQuestion.cpp">
      <Filter>Header Files\Object\Brick</Filter>
    </ClCompile>
  </ItemGroup>
  <ItemGroup>
    <ClInclude Include="AssetIDs.h">
      <Filter>Header Files</Filter>
    </ClInclude>
    <ClInclude Include="KeyEventHandler.h">
      <Filter>Header Files</Filter>
    </ClInclude>
    <ClInclude Include="Animation.h">
      <Filter>Header Files\Animation</Filter>
    </ClInclude>
    <ClInclude Include="AnimationFrame.h">
      <Filter>Header Files\Animation</Filter>
    </ClInclude>
    <ClInclude Include="Animations.h">
      <Filter>Header Files\Animation</Filter>
    </ClInclude>
    <ClInclude Include="Sprite.h">
      <Filter>Header Files\Animation</Filter>
    </ClInclude>
    <ClInclude Include="Sprites.h">
      <Filter>Header Files\Animation</Filter>
    </ClInclude>
    <ClInclude Include="Texture.h">
      <Filter>Header Files\Animation</Filter>
    </ClInclude>
    <ClInclude Include="Textures.h">
      <Filter>Header Files\Animation</Filter>
    </ClInclude>
    <ClInclude Include="Game.h">
      <Filter>Header Files\Game</Filter>
    </ClInclude>
    <ClInclude Include="Utils.h">
      <Filter>Header Files\Other</Filter>
    </ClInclude>
    <ClInclude Include="debug.h">
      <Filter>Header Files\Other</Filter>
    </ClInclude>
    <ClInclude Include="Collision.h">
      <Filter>Header Files\Other</Filter>
    </ClInclude>
    <ClInclude Include="PlayScene.h">
      <Filter>Header Files\Scene</Filter>
    </ClInclude>
    <ClInclude Include="SampleKeyEventHandler.h">
      <Filter>Header Files\Scene</Filter>
    </ClInclude>
    <ClInclude Include="Scene.h">
      <Filter>Header Files\Scene</Filter>
    </ClInclude>
    <ClInclude Include="Goomba.h">
      <Filter>Header Files\Object\Enemies</Filter>
    </ClInclude>
    <ClInclude Include="Brick.h">
      <Filter>Header Files\Object\Brick</Filter>
    </ClInclude>
    <ClInclude Include="Coin.h">
      <Filter>Header Files\Object\Brick</Filter>
    </ClInclude>
    <ClInclude Include="GameObject.h">
      <Filter>Header Files\Object</Filter>
    </ClInclude>
    <ClInclude Include="Mario.h">
      <Filter>Header Files\Object\Mario</Filter>
    </ClInclude>
    <ClInclude Include="Platform.h">
      <Filter>Header Files\Object\Brick</Filter>
    </ClInclude>
    <ClInclude Include="Portal.h">
      <Filter>Header Files\Object\Portal</Filter>
    </ClInclude>
    <ClInclude Include="BrickQuestion.h">
      <Filter>Header Files\Object\Brick</Filter>
    </ClInclude>
  </ItemGroup>
</Project>